
Microsoft Visual Studio Solution File, Format Version 12.00
# Visual Studio Version 17
VisualStudioVersion = 17.7.34031.279
MinimumVisualStudioVersion = 10.0.40219.1
Project("{FAE04EC0-301F-11D3-BF4B-00C04F79EFBC}") = "ZenCart", "ZenCart\ZenCart.csproj", "{A060AC36-70DA-4814-87BC-1787E5B832C0}"
EndProject
Global
	GlobalSection(SolutionConfigurationPlatforms) = preSolution
		Debug|Any CPU = Debug|Any CPU
		Release|Any CPU = Release|Any CPU
	EndGlobalSection
	GlobalSection(ProjectConfigurationPlatforms) = postSolution
		{A060AC36-70DA-4814-87BC-1787E5B832C0}.Debug|Any CPU.ActiveCfg = Debug|Any CPU
		{A060AC36-70DA-4814-87BC-1787E5B832C0}.Debug|Any CPU.Build.0 = Debug|Any CPU
		{A060AC36-70DA-4814-87BC-1787E5B832C0}.Release|Any CPU.ActiveCfg = Release|Any CPU
		{A060AC36-70DA-4814-87BC-1787E5B832C0}.Release|Any CPU.Build.0 = Release|Any CPU
	EndGlobalSection
	GlobalSection(SolutionProperties) = preSolution
		HideSolutionNode = FALSE
	EndGlobalSection
	GlobalSection(ExtensibilityGlobals) = postSolution
		SolutionGuid = {BF15ACE6-5575-42CD-AE8F-7E67A4A1AA2B}
	EndGlobalSection
EndGlobal
